
Microsoft Visual Studio Solution File, Format Version 12.00
# Visual Studio Version 16
VisualStudioVersion = 16.0.30907.101
MinimumVisualStudioVersion = 10.0.40219.1
Project("{FAE04EC0-301F-11D3-BF4B-00C04F79EFBC}") = "BankAccount", "BankAccount.csproj", "{71A953F1-1610-4BFB-A212-2EECC4430488}"
EndProject
Global
	GlobalSection(SolutionConfigurationPlatforms) = preSolution
		Debug|Any CPU = Debug|Any CPU
		Release|Any CPU = Release|Any CPU
	EndGlobalSection
	GlobalSection(ProjectConfigurationPlatforms) = postSolution
		{71A953F1-1610-4BFB-A212-2EECC4430488}.Debug|Any CPU.ActiveCfg = Debug|Any CPU
		{71A953F1-1610-4BFB-A212-2EECC4430488}.Debug|Any CPU.Build.0 = Debug|Any CPU
		{71A953F1-1610-4BFB-A212-2EECC4430488}.Release|Any CPU.ActiveCfg = Release|Any CPU
		{71A953F1-1610-4BFB-A212-2EECC4430488}.Release|Any CPU.Build.0 = Release|Any CPU
	EndGlobalSection
	GlobalSection(SolutionProperties) = preSolution
		HideSolutionNode = FALSE
	EndGlobalSection
	GlobalSection(ExtensibilityGlobals) = postSolution
		SolutionGuid = {A25382AB-31C6-4197-A976-DEDA64DE43CF}
	EndGlobalSection
EndGlobal
